// !$*UTF8*$!
{
	archiveVersion = 1;
	classes = {
	};
	objectVersion = 46;
	objects = {

/* Begin PBXBuildFile section */
		65B162881F67BC99004174F3 /* BuilderViewController.m in Sources */ = {isa = PBXBuildFile; fileRef = 65B162871F67BC99004174F3 /* BuilderViewController.m */; };
		65DD5A721F6674C3003F9D31 /* main.m in Sources */ = {isa = PBXBuildFile; fileRef = 65DD5A711F6674C3003F9D31 /* main.m */; };
		65DD5A751F6674C3003F9D31 /* AppDelegate.m in Sources */ = {isa = PBXBuildFile; fileRef = 65DD5A741F6674C3003F9D31 /* AppDelegate.m */; };
		65DD5A781F6674C3003F9D31 /* ViewController.m in Sources */ = {isa = PBXBuildFile; fileRef = 65DD5A771F6674C3003F9D31 /* ViewController.m */; };
		65DD5A7B1F6674C3003F9D31 /* Main.storyboard in Resources */ = {isa = PBXBuildFile; fileRef = 65DD5A791F6674C3003F9D31 /* Main.storyboard */; };
		65DD5A7D1F6674C3003F9D31 /* Assets.xcassets in Resources */ = {isa = PBXBuildFile; fileRef = 65DD5A7C1F6674C3003F9D31 /* Assets.xcassets */; };
		65DD5A801F6674C3003F9D31 /* LaunchScreen.storyboard in Resources */ = {isa = PBXBuildFile; fileRef = 65DD5A7E1F6674C3003F9D31 /* LaunchScreen.storyboard */; };
		65DD5A8B1F6674C3003F9D31 /* NMDesignPatternDemoTests.m in Sources */ = {isa = PBXBuildFile; fileRef = 65DD5A8A1F6674C3003F9D31 /* NMDesignPatternDemoTests.m */; };
		65DD5A961F6674C3003F9D31 /* NMDesignPatternDemoUITests.m in Sources */ = {isa = PBXBuildFile; fileRef = 65DD5A951F6674C3003F9D31 /* NMDesignPatternDemoUITests.m */; };
/* End PBXBuildFile section */

/* Begin PBXContainerItemProxy section */
		65DD5A871F6674C3003F9D31 /* PBXContainerItemProxy */ = {
			isa = PBXContainerItemProxy;
			containerPortal = 65DD5A651F6674C3003F9D31 /* Project object */;
			proxyType = 1;
			remoteGlobalIDString = 65DD5A6C1F6674C3003F9D31;
			remoteInfo = NMDesignPatternDemo;
		};
		65DD5A921F6674C3003F9D31 /* PBXContainerItemProxy */ = {
			isa = PBXContainerItemProxy;
			containerPortal = 65DD5A651F6674C3003F9D31 /* Project object */;
			proxyType = 1;
			remoteGlobalIDString = 65DD5A6C1F6674C3003F9D31;
			remoteInfo = NMDesignPatternDemo;
		};
/* End PBXContainerItemProxy section */

/* Begin PBXFileReference section */
		65B162861F67BC99004174F3 /* BuilderViewController.h */ = {isa = PBXFileReference; fileEncoding = 4; lastKnownFileType = sourcecode.c.h; path = BuilderViewController.h; sourceTree = "<group>"; };
		65B162871F67BC99004174F3 /* BuilderViewController.m */ = {isa = PBXFileReference; fileEncoding = 4; lastKnownFileType = sourcecode.c.objc; path = BuilderViewController.m; sourceTree = "<group>"; };
		65DD5A6D1F6674C3003F9D31 /* NMDesignPatternDemo.app */ = {isa = PBXFileReference; explicitFileType = wrapper.application; includeInIndex = 0; path = NMDesignPatternDemo.app; sourceTree = BUILT_PRODUCTS_DIR; };
		65DD5A711F6674C3003F9D31 /* main.m */ = {isa = PBXFileReference; lastKnownFileType = sourcecode.c.objc; path = main.m; sourceTree = "<group>"; };
		65DD5A731F6674C3003F9D31 /* AppDelegate.h */ = {isa = PBXFileReference; lastKnownFileType = sourcecode.c.h; path = AppDelegate.h; sourceTree = "<group>"; };
		65DD5A741F6674C3003F9D31 /* AppDelegate.m */ = {isa = PBXFileReference; lastKnownFileType = sourcecode.c.objc; path = AppDelegate.m; sourceTree = "<group>"; };
		65DD5A761F6674C3003F9D31 /* ViewController.h */ = {isa = PBXFileReference; lastKnownFileType = sourcecode.c.h; path = ViewController.h; sourceTree = "<group>"; };
		65DD5A771F6674C3003F9D31 /* ViewController.m */ = {isa = PBXFileReference; lastKnownFileType = sourcecode.c.objc; path = ViewController.m; sourceTree = "<group>"; };
		65DD5A7A1F6674C3003F9D31 /* Base */ = {isa = PBXFileReference; lastKnownFileType = file.storyboard; name = Base; path = Base.lproj/Main.storyboard; sourceTree = "<group>"; };
		65DD5A7C1F6674C3003F9D31 /* Assets.xcassets */ = {isa = PBXFileReference; lastKnownFileType = folder.assetcatalog; path = Assets.xcassets; sourceTree = "<group>"; };
		65DD5A7F1F6674C3003F9D31 /* Base */ = {isa = PBXFileReference; lastKnownFileType = file.storyboard; name = Base; path = Base.lproj/LaunchScreen.storyboard; sourceTree = "<group>"; };
		65DD5A811F6674C3003F9D31 /* Info.plist */ = {isa = PBXFileReference; lastKnownFileType = text.plist.xml; path = Info.plist; sourceTree = "<group>"; };
		65DD5A861F6674C3003F9D31 /* NMDesignPatternDemoTests.xctest */ = {isa = PBXFileReference; explicitFileType = wrapper.cfbundle; includeInIndex = 0; path = NMDesignPatternDemoTests.xctest; sourceTree = BUILT_PRODUCTS_DIR; };
		65DD5A8A1F6674C3003F9D31 /* NMDesignPatternDemoTests.m */ = {isa = PBXFileReference; lastKnownFileType = sourcecode.c.objc; path = NMDesignPatternDemoTests.m; sourceTree = "<group>"; };
		65DD5A8C1F6674C3003F9D31 /* Info.plist */ = {isa = PBXFileReference; lastKnownFileType = text.plist.xml; path = Info.plist; sourceTree = "<group>"; };
		65DD5A911F6674C3003F9D31 /* NMDesignPatternDemoUITests.xctest */ = {isa = PBXFileReference; explicitFileType = wrapper.cfbundle; includeInIndex = 0; path = NMDesignPatternDemoUITests.xctest; sourceTree = BUILT_PRODUCTS_DIR; };
		65DD5A951F6674C3003F9D31 /* NMDesignPatternDemoUITests.m */ = {isa = PBXFileReference; lastKnownFileType = sourcecode.c.objc; path = NMDesignPatternDemoUITests.m; sourceTree = "<group>"; };
		65DD5A971F6674C3003F9D31 /* Info.plist */ = {isa = PBXFileReference; lastKnownFileType = text.plist.xml; path = Info.plist; sourceTree = "<group>"; };
/* End PBXFileReference section */

/* Begin PBXFrameworksBuildPhase section */
		65DD5A6A1F6674C3003F9D31 /* Frameworks */ = {
			isa = PBXFrameworksBuildPhase;
			buildActionMask = 2147483647;
			files = (
			);
			runOnlyForDeploymentPostprocessing = 0;
		};
		65DD5A831F6674C3003F9D31 /* Frameworks */ = {
			isa = PBXFrameworksBuildPhase;
			buildActionMask = 2147483647;
			files = (
			);
			runOnlyForDeploymentPostprocessing = 0;
		};
		65DD5A8E1F6674C3003F9D31 /* Frameworks */ = {
			isa = PBXFrameworksBuildPhase;
			buildActionMask = 2147483647;
			files = (
			);
			runOnlyForDeploymentPostprocessing = 0;
		};
/* End PBXFrameworksBuildPhase section */

/* Begin PBXGroup section */
		6532F7D61F7CDBB4003FF9C4 /* 建造者(builder) */ = {
			isa = PBXGroup;
			children = (
				65B162861F67BC99004174F3 /* BuilderViewController.h */,
				65B162871F67BC99004174F3 /* BuilderViewController.m */,
			);
			name = "建造者(builder)";
			sourceTree = "<group>";
		};
		65DD5A641F6674C3003F9D31 = {
			isa = PBXGroup;
			children = (
				65DD5A6F1F6674C3003F9D31 /* NMDesignPatternDemo */,
				65DD5A891F6674C3003F9D31 /* NMDesignPatternDemoTests */,
				65DD5A941F6674C3003F9D31 /* NMDesignPatternDemoUITests */,
				65DD5A6E1F6674C3003F9D31 /* Products */,
			);
			sourceTree = "<group>";
		};
		65DD5A6E1F6674C3003F9D31 /* Products */ = {
			isa = PBXGroup;
			children = (
				65DD5A6D1F6674C3003F9D31 /* NMDesignPatternDemo.app */,
				65DD5A861F6674C3003F9D31 /* NMDesignPatternDemoTests.xctest */,
				65DD5A911F6674C3003F9D31 /* NMDesignPatternDemoUITests.xctest */,
			);
			name = Products;
			sourceTree = "<group>";
		};
		65DD5A6F1F6674C3003F9D31 /* NMDesignPatternDemo */ = {
			isa = PBXGroup;
			children = (
				65DD5A731F6674C3003F9D31 /* AppDelegate.h */,
				65DD5A741F6674C3003F9D31 /* AppDelegate.m */,
				65DD5A761F6674C3003F9D31 /* ViewController.h */,
				65DD5A771F6674C3003F9D31 /* ViewController.m */,
				65DD5A791F6674C3003F9D31 /* Main.storyboard */,
				6532F7D61F7CDBB4003FF9C4 /* 建造者(builder) */,
				65DD5A7C1F6674C3003F9D31 /* Assets.xcassets */,
				65DD5A7E1F6674C3003F9D31 /* LaunchScreen.storyboard */,
				65DD5A811F6674C3003F9D31 /* Info.plist */,
				65DD5A701F6674C3003F9D31 /* Supporting Files */,
			);
			path = NMDesignPatternDemo;
			sourceTree = "<group>";
		};
		65DD5A701F6674C3003F9D31 /* Supporting Files */ = {
			isa = PBXGroup;
			children = (
				65DD5A711F6674C3003F9D31 /* main.m */,
			);
			name = "Supporting Files";
			sourceTree = "<group>";
		};
		65DD5A891F6674C3003F9D31 /* NMDesignPatternDemoTests */ = {
			isa = PBXGroup;
			children = (
				65DD5A8A1F6674C3003F9D31 /* NMDesignPatternDemoTests.m */,
				65DD5A8C1F6674C3003F9D31 /* Info.plist */,
			);
			path = NMDesignPatternDemoTests;
			sourceTree = "<group>";
		};
		65DD5A941F6674C3003F9D31 /* NMDesignPatternDemoUITests */ = {
			isa = PBXGroup;
			children = (
				65DD5A951F6674C3003F9D31 /* NMDesignPatternDemoUITests.m */,
				65DD5A971F6674C3003F9D31 /* Info.plist */,
			);
			path = NMDesignPatternDemoUITests;
			sourceTree = "<group>";
		};
/* End PBXGroup section */

/* Begin PBXNativeTarget section */
		65DD5A6C1F6674C3003F9D31 /* NMDesignPatternDemo */ = {
			isa = PBXNativeTarget;
			buildConfigurationList = 65DD5A9A1F6674C3003F9D31 /* Build configuration list for PBXNativeTarget "NMDesignPatternDemo" */;
			buildPhases = (
				65DD5A691F6674C3003F9D31 /* Sources */,
				65DD5A6A1F6674C3003F9D31 /* Frameworks */,
				65DD5A6B1F6674C3003F9D31 /* Resources */,
			);
			buildRules = (
			);
			dependencies = (
			);
			name = NMDesignPatternDemo;
			productName = NMDesignPatternDemo;
			productReference = 65DD5A6D1F6674C3003F9D31 /* NMDesignPatternDemo.app */;
			productType = "com.apple.product-type.application";
		};
		65DD5A851F6674C3003F9D31 /* NMDesignPatternDemoTests */ = {
			isa = PBXNativeTarget;
			buildConfigurationList = 65DD5A9D1F6674C3003F9D31 /* Build configuration list for PBXNativeTarget "NMDesignPatternDemoTests" */;
			buildPhases = (
				65DD5A821F6674C3003F9D31 /* Sources */,
				65DD5A831F6674C3003F9D31 /* Frameworks */,
				65DD5A841F6674C3003F9D31 /* Resources */,
			);
			buildRules = (
			);
			dependencies = (
				65DD5A881F6674C3003F9D31 /* PBXTargetDependency */,
			);
			name = NMDesignPatternDemoTests;
			productName = NMDesignPatternDemoTests;
			productReference = 65DD5A861F6674C3003F9D31 /* NMDesignPatternDemoTests.xctest */;
			productType = "com.apple.product-type.bundle.unit-test";
		};
		65DD5A901F6674C3003F9D31 /* NMDesignPatternDemoUITests */ = {
			isa = PBXNativeTarget;
			buildConfigurationList = 65DD5AA01F6674C3003F9D31 /* Build configuration list for PBXNativeTarget "NMDesignPatternDemoUITests" */;
			buildPhases = (
				65DD5A8D1F6674C3003F9D31 /* Sources */,
				65DD5A8E1F6674C3003F9D31 /* Frameworks */,
				65DD5A8F1F6674C3003F9D31 /* Resources */,
			);
			buildRules = (
			);
			dependencies = (
				65DD5A931F6674C3003F9D31 /* PBXTargetDependency */,
			);
			name = NMDesignPatternDemoUITests;
			productName = NMDesignPatternDemoUITests;
			productReference = 65DD5A911F6674C3003F9D31 /* NMDesignPatternDemoUITests.xctest */;
			productType = "com.apple.product-type.bundle.ui-testing";
		};
/* End PBXNativeTarget section */

/* Begin PBXProject section */
		65DD5A651F6674C3003F9D31 /* Project object */ = {
			isa = PBXProject;
			attributes = {
				LastUpgradeCheck = 0830;
				ORGANIZATIONNAME = "纳木那咔";
				TargetAttributes = {
					65DD5A6C1F6674C3003F9D31 = {
						CreatedOnToolsVersion = 8.3.3;
						DevelopmentTeam = 7524R5UJ2G;
						ProvisioningStyle = Automatic;
					};
					65DD5A851F6674C3003F9D31 = {
						CreatedOnToolsVersion = 8.3.3;
						DevelopmentTeam = 7524R5UJ2G;
						ProvisioningStyle = Automatic;
						TestTargetID = 65DD5A6C1F6674C3003F9D31;
					};
					65DD5A901F6674C3003F9D31 = {
						CreatedOnToolsVersion = 8.3.3;
						DevelopmentTeam = 7524R5UJ2G;
						ProvisioningStyle = Automatic;
						TestTargetID = 65DD5A6C1F6674C3003F9D31;
					};
				};
			};
			buildConfigurationList = 65DD5A681F6674C3003F9D31 /* Build configuration list for PBXProject "NMDesignPatternDemo" */;
			compatibilityVersion = "Xcode 3.2";
			developmentRegion = English;
			hasScannedForEncodings = 0;
			knownRegions = (
				en,
				Base,
			);
			mainGroup = 65DD5A641F6674C3003F9D31;
			productRefGroup = 65DD5A6E1F6674C3003F9D31 /* Products */;
			projectDirPath = "";
			projectRoot = "";
			targets = (
				65DD5A6C1F6674C3003F9D31 /* NMDesignPatternDemo */,
				65DD5A851F6674C3003F9D31 /* NMDesignPatternDemoTests */,
				65DD5A901F6674C3003F9D31 /* NMDesignPatternDemoUITests */,
			);
		};
/* End PBXProject section */

/* Begin PBXResourcesBuildPhase section */
		65DD5A6B1F6674C3003F9D31 /* Resources */ = {
			isa = PBXResourcesBuildPhase;
			buildActionMask = 2147483647;
			files = (
				65DD5A801F6674C3003F9D31 /* LaunchScreen.storyboard in Resources */,
				65DD5A7D1F6674C3003F9D31 /* Assets.xcassets in Resources */,
				65DD5A7B1F6674C3003F9D31 /* Main.storyboard in Resources */,
			);
			runOnlyForDeploymentPostprocessing = 0;
		};
		65DD5A841F6674C3003F9D31 /* Resources */ = {
			isa = PBXResourcesBuildPhase;
			buildActionMask = 2147483647;
			files = (
			);
			runOnlyForDeploymentPostprocessing = 0;
		};
		65DD5A8F1F6674C3003F9D31 /* Resources */ = {
			isa = PBXResourcesBuildPhase;
			buildActionMask = 2147483647;
			files = (
			);
			runOnlyForDeploymentPostprocessing = 0;
		};
/* End PBXResourcesBuildPhase section */

/* Begin PBXSourcesBuildPhase section */
		65DD5A691F6674C3003F9D31 /* Sources */ = {
			isa = PBXSourcesBuildPhase;
			buildActionMask = 2147483647;
			files = (
				65B162881F67BC99004174F3 /* BuilderViewController.m in Sources */,
				65DD5A781F6674C3003F9D31 /* ViewController.m in Sources */,
				65DD5A751F6674C3003F9D31 /* AppDelegate.m in Sources */,
				65DD5A721F6674C3003F9D31 /* main.m in Sources */,
			);
			runOnlyForDeploymentPostprocessing = 0;
		};
		65DD5A821F6674C3003F9D31 /* Sources */ = {
			isa = PBXSourcesBuildPhase;
			buildActionMask = 2147483647;
			files = (
				65DD5A8B1F6674C3003F9D31 /* NMDesignPatternDemoTests.m in Sources */,
			);
			runOnlyForDeploymentPostprocessing = 0;
		};
		65DD5A8D1F6674C3003F9D31 /* Sources */ = {
			isa = PBXSourcesBuildPhase;
			buildActionMask = 2147483647;
			files = (
				65DD5A961F6674C3003F9D31 /* NMDesignPatternDemoUITests.m in Sources */,
			);
			runOnlyForDeploymentPostprocessing = 0;
		};
/* End PBXSourcesBuildPhase section */

/* Begin PBXTargetDependency section */
		65DD5A881F6674C3003F9D31 /* PBXTargetDependency */ = {
			isa = PBXTargetDependency;
			target = 65DD5A6C1F6674C3003F9D31 /* NMDesignPatternDemo */;
			targetProxy = 65DD5A871F6674C3003F9D31 /* PBXContainerItemProxy */;
		};
		65DD5A931F6674C3003F9D31 /* PBXTargetDependency */ = {
			isa = PBXTargetDependency;
			target = 65DD5A6C1F6674C3003F9D31 /* NMDesignPatternDemo */;
			targetProxy = 65DD5A921F6674C3003F9D31 /* PBXContainerItemProxy */;
		};
/* End PBXTargetDependency section */

/* Begin PBXVariantGroup section */
		65DD5A791F6674C3003F9D31 /* Main.storyboard */ = {
			isa = PBXVariantGroup;
			children = (
				65DD5A7A1F6674C3003F9D31 /* Base */,
			);
			name = Main.storyboard;
			sourceTree = "<group>";
		};
		65DD5A7E1F6674C3003F9D31 /* LaunchScreen.storyboard */ = {
			isa = PBXVariantGroup;
			children = (
				65DD5A7F1F6674C3003F9D31 /* Base */,
			);
			name = LaunchScreen.storyboard;
			sourceTree = "<group>";
		};
/* End PBXVariantGroup section */

/* Begin XCBuildConfiguration section */
		65DD5A981F6674C3003F9D31 /* Debug */ = {
			isa = XCBuildConfiguration;
			buildSettings = {
				ALWAYS_SEARCH_USER_PATHS = NO;
				CLANG_ANALYZER_NONNULL = YES;
				CLANG_ANALYZER_NUMBER_OBJECT_CONVERSION = YES_AGGRESSIVE;
				CLANG_CXX_LANGUAGE_STANDARD = "gnu++0x";
				CLANG_CXX_LIBRARY = "libc++";
				CLANG_ENABLE_MODULES = YES;
				CLANG_ENABLE_OBJC_ARC = YES;
				CLANG_WARN_BOOL_CONVERSION = YES;
				CLANG_WARN_CONSTANT_CONVERSION = YES;
				CLANG_WARN_DIRECT_OBJC_ISA_USAGE = YES_ERROR;
				CLANG_WARN_DOCUMENTATION_COMMENTS = YES;
				CLANG_WARN_EMPTY_BODY = YES;
				CLANG_WARN_ENUM_CONVERSION = YES;
				CLANG_WARN_INFINITE_RECURSION = YES;
				CLANG_WARN_INT_CONVERSION = YES;
				CLANG_WARN_OBJC_ROOT_CLASS = YES_ERROR;
				CLANG_WARN_SUSPICIOUS_MOVE = YES;
				CLANG_WARN_UNREACHABLE_CODE = YES;
				CLANG_WARN__DUPLICATE_METHOD_MATCH = YES;
				"CODE_SIGN_IDENTITY[sdk=iphoneos*]" = "iPhone Developer";
				COPY_PHASE_STRIP = NO;
				DEBUG_INFORMATION_FORMAT = dwarf;
				ENABLE_STRICT_OBJC_MSGSEND = YES;
				ENABLE_TESTABILITY = YES;
				GCC_C_LANGUAGE_STANDARD = gnu99;
				GCC_DYNAMIC_NO_PIC = NO;
				GCC_NO_COMMON_BLOCKS = YES;
				GCC_OPTIMIZATION_LEVEL = 0;
				GCC_PREPROCESSOR_DEFINITIONS = (
					"DEBUG=1",
					"$(inherited)",
				);
				GCC_WARN_64_TO_32_BIT_CONVERSION = YES;
				GCC_WARN_ABOUT_RETURN_TYPE = YES_ERROR;
				GCC_WARN_UNDECLARED_SELECTOR = YES;
				GCC_WARN_UNINITIALIZED_AUTOS = YES_AGGRESSIVE;
				GCC_WARN_UNUSED_FUNCTION = YES;
				GCC_WARN_UNUSED_VARIABLE = YES;
				IPHONEOS_DEPLOYMENT_TARGET = 10.3;
				MTL_ENABLE_DEBUG_INFO = YES;
				ONLY_ACTIVE_ARCH = YES;
				SDKROOT = iphoneos;
				TARGETED_DEVICE_FAMILY = "1,2";
			};
			name = Debug;
		};
		65DD5A991F6674C3003F9D31 /* Release */ = {
			isa = XCBuildConfiguration;
			buildSettings = {
				ALWAYS_SEARCH_USER_PATHS = NO;
				CLANG_ANALYZER_NONNULL = YES;
				CLANG_ANALYZER_NUMBER_OBJECT_CONVERSION = YES_AGGRESSIVE;
				CLANG_CXX_LANGUAGE_STANDARD = "gnu++0x";
				CLANG_CXX_LIBRARY = "libc++";
				CLANG_ENABLE_MODULES = YES;
				CLANG_ENABLE_OBJC_ARC = YES;
				CLANG_WARN_BOOL_CONVERSION = YES;
				CLANG_WARN_CONSTANT_CONVERSION = YES;
				CLANG_WARN_DIRECT_OBJC_ISA_USAGE = YES_ERROR;
				CLANG_WARN_DOCUMENTATION_COMMENTS = YES;
				CLANG_WARN_EMPTY_BODY = YES;
				CLANG_WARN_ENUM_CONVERSION = YES;
				CLANG_WARN_INFINITE_RECURSION = YES;
				CLANG_WARN_INT_CONVERSION = YES;
				CLANG_WARN_OBJC_ROOT_CLASS = YES_ERROR;
				CLANG_WARN_SUSPICIOUS_MOVE = YES;
				CLANG_WARN_UNREACHABLE_CODE = YES;
				CLANG_WARN__DUPLICATE_METHOD_MATCH = YES;
				"CODE_SIGN_IDENTITY[sdk=iphoneos*]" = "iPhone Developer";
				COPY_PHASE_STRIP = NO;
				DEBUG_INFORMATION_FORMAT = "dwarf-with-dsym";
				ENABLE_NS_ASSERTIONS = NO;
				ENABLE_STRICT_OBJC_MSGSEND = YES;
				GCC_C_LANGUAGE_STANDARD = gnu99;
				GCC_NO_COMMON_BLOCKS = YES;
				GCC_WARN_64_TO_32_BIT_CONVERSION = YES;
				GCC_WARN_ABOUT_RETURN_TYPE = YES_ERROR;
				GCC_WARN_UNDECLARED_SELECTOR = YES;
				GCC_WARN_UNINITIALIZED_AUTOS = YES_AGGRESSIVE;
				GCC_WARN_UNUSED_FUNCTION = YES;
				GCC_WARN_UNUSED_VARIABLE = YES;
				IPHONEOS_DEPLOYMENT_TARGET = 10.3;
				MTL_ENABLE_DEBUG_INFO = NO;
				SDKROOT = iphoneos;
				TARGETED_DEVICE_FAMILY = "1,2";
				VALIDATE_PRODUCT = YES;
			};
			name = Release;
		};
		65DD5A9B1F6674C3003F9D31 /* Debug */ = {
			isa = XCBuildConfiguration;
			buildSettings = {
				ASSETCATALOG_COMPILER_APPICON_NAME = AppIcon;
				DEVELOPMENT_TEAM = 7524R5UJ2G;
				INFOPLIST_FILE = NMDesignPatternDemo/Info.plist;
				LD_RUNPATH_SEARCH_PATHS = "$(inherited) @executable_path/Frameworks";
				PRODUCT_BUNDLE_IDENTIFIER = com.nm.NMDesignPatternDemo;
				PRODUCT_NAME = "$(TARGET_NAME)";
			};
			name = Debug;
		};
		65DD5A9C1F6674C3003F9D31 /* Release */ = {
			isa = XCBuildConfiguration;
			buildSettings = {
				ASSETCATALOG_COMPILER_APPICON_NAME = AppIcon;
				DEVELOPMENT_TEAM = 7524R5UJ2G;
				INFOPLIST_FILE = NMDesignPatternDemo/Info.plist;
				LD_RUNPATH_SEARCH_PATHS = "$(inherited) @executable_path/Frameworks";
				PRODUCT_BUNDLE_IDENTIFIER = com.nm.NMDesignPatternDemo;
				PRODUCT_NAME = "$(TARGET_NAME)";
			};
			name = Release;
		};
		65DD5A9E1F6674C3003F9D31 /* Debug */ = {
			isa = XCBuildConfiguration;
			buildSettings = {
				BUNDLE_LOADER = "$(TEST_HOST)";
				DEVELOPMENT_TEAM = 7524R5UJ2G;
				INFOPLIST_FILE = NMDesignPatternDemoTests/Info.plist;
				LD_RUNPATH_SEARCH_PATHS = "$(inherited) @executable_path/Frameworks @loader_path/Frameworks";
				PRODUCT_BUNDLE_IDENTIFIER = com.nm.NMDesignPatternDemoTests;
				PRODUCT_NAME = "$(TARGET_NAME)";
				TEST_HOST = "$(BUILT_PRODUCTS_DIR)/NMDesignPatternDemo.app/NMDesignPatternDemo";
			};
			name = Debug;
		};
		65DD5A9F1F6674C3003F9D31 /* Release */ = {
			isa = XCBuildConfiguration;
			buildSettings = {
				BUNDLE_LOADER = "$(TEST_HOST)";
				DEVELOPMENT_TEAM = 7524R5UJ2G;
				INFOPLIST_FILE = NMDesignPatternDemoTests/Info.plist;
				LD_RUNPATH_SEARCH_PATHS = "$(inherited) @executable_path/Frameworks @loader_path/Frameworks";
				PRODUCT_BUNDLE_IDENTIFIER = com.nm.NMDesignPatternDemoTests;
				PRODUCT_NAME = "$(TARGET_NAME)";
				TEST_HOST = "$(BUILT_PRODUCTS_DIR)/NMDesignPatternDemo.app/NMDesignPatternDemo";
			};
			name = Release;
		};
		65DD5AA11F6674C3003F9D31 /* Debug */ = {
			isa = XCBuildConfiguration;
			buildSettings = {
				DEVELOPMENT_TEAM = 7524R5UJ2G;
				INFOPLIST_FILE = NMDesignPatternDemoUITests/Info.plist;
				LD_RUNPATH_SEARCH_PATHS = "$(inherited) @executable_path/Frameworks @loader_path/Frameworks";
				PRODUCT_BUNDLE_IDENTIFIER = com.nm.NMDesignPatternDemoUITests;
				PRODUCT_NAME = "$(TARGET_NAME)";
				TEST_TARGET_NAME = NMDesignPatternDemo;
			};
			name = Debug;
		};
		65DD5AA21F6674C3003F9D31 /* Release */ = {
			isa = XCBuildConfiguration;
			buildSettings = {
				DEVELOPMENT_TEAM = 7524R5UJ2G;
				INFOPLIST_FILE = NMDesignPatternDemoUITests/Info.plist;
				LD_RUNPATH_SEARCH_PATHS = "$(inherited) @executable_path/Frameworks @loader_path/Frameworks";
				PRODUCT_BUNDLE_IDENTIFIER = com.nm.NMDesignPatternDemoUITests;
				PRODUCT_NAME = "$(TARGET_NAME)";
				TEST_TARGET_NAME = NMDesignPatternDemo;
			};
			name = Release;
		};
/* End XCBuildConfiguration section */

/* Begin XCConfigurationList section */
		65DD5A681F6674C3003F9D31 /* Build configuration list for PBXProject "NMDesignPatternDemo" */ = {
			isa = XCConfigurationList;
			buildConfigurations = (
				65DD5A981F6674C3003F9D31 /* Debug */,
				65DD5A991F6674C3003F9D31 /* Release */,
			);
			defaultConfigurationIsVisible = 0;
			defaultConfigurationName = Release;
		};
		65DD5A9A1F6674C3003F9D31 /* Build configuration list for PBXNativeTarget "NMDesignPatternDemo" */ = {
			isa = XCConfigurationList;
			buildConfigurations = (
				65DD5A9B1F6674C3003F9D31 /* Debug */,
				65DD5A9C1F6674C3003F9D31 /* Release */,
			);
			defaultConfigurationIsVisible = 0;
			defaultConfigurationName = Release;
		};
		65DD5A9D1F6674C3003F9D31 /* Build configuration list for PBXNativeTarget "NMDesignPatternDemoTests" */ = {
			isa = XCConfigurationList;
			buildConfigurations = (
				65DD5A9E1F6674C3003F9D31 /* Debug */,
				65DD5A9F1F6674C3003F9D31 /* Release */,
			);
			defaultConfigurationIsVisible = 0;
			defaultConfigurationName = Release;
		};
		65DD5AA01F6674C3003F9D31 /* Build configuration list for PBXNativeTarget "NMDesignPatternDemoUITests" */ = {
			isa = XCConfigurationList;
			buildConfigurations = (
				65DD5AA11F6674C3003F9D31 /* Debug */,
				65DD5AA21F6674C3003F9D31 /* Release */,
			);
			defaultConfigurationIsVisible = 0;
			defaultConfigurationName = Release;
		};
/* End XCConfigurationList section */
	};
	rootObject = 65DD5A651F6674C3003F9D31 /* Project object */;
}
